
Microsoft Visual Studio Solution File, Format Version 12.00
# Visual Studio Version 16
VisualStudioVersion = 16.0.29201.188
MinimumVisualStudioVersion = 10.0.40219.1
Project("{FAE04EC0-301F-11D3-BF4B-00C04F79EFBC}") = "BookStoreApp", "BookStoreApp\BookStoreApp.csproj", "{7FB4B4EB-3511-433C-B8F3-C0E24BFF125A}"
EndProject
Global
	GlobalSection(SolutionConfigurationPlatforms) = preSolution
		Debug|Any CPU = Debug|Any CPU
		Release|Any CPU = Release|Any CPU
	EndGlobalSection
	GlobalSection(ProjectConfigurationPlatforms) = postSolution
		{7FB4B4EB-3511-433C-B8F3-C0E24BFF125A}.Debug|Any CPU.ActiveCfg = Debug|Any CPU
		{7FB4B4EB-3511-433C-B8F3-C0E24BFF125A}.Debug|Any CPU.Build.0 = Debug|Any CPU
		{7FB4B4EB-3511-433C-B8F3-C0E24BFF125A}.Release|Any CPU.ActiveCfg = Release|Any CPU
		{7FB4B4EB-3511-433C-B8F3-C0E24BFF125A}.Release|Any CPU.Build.0 = Release|Any CPU
	EndGlobalSection
	GlobalSection(SolutionProperties) = preSolution
		HideSolutionNode = FALSE
	EndGlobalSection
	GlobalSection(ExtensibilityGlobals) = postSolution
		SolutionGuid = {6AF718F6-A332-4FBF-96B2-24BB41FE1EE7}
	EndGlobalSection
EndGlobal
