
Microsoft Visual Studio Solution File, Format Version 12.00
# Visual Studio Version 16
VisualStudioVersion = 16.0.29201.188
MinimumVisualStudioVersion = 10.0.40219.1
Project("{FAE04EC0-301F-11D3-BF4B-00C04F79EFBC}") = "BookStoreApp", "BookStoreApp.csproj", "{F6D93B65-BD73-4F2A-9F84-BA6EBFBB2DD5}"
EndProject
Global
	GlobalSection(SolutionConfigurationPlatforms) = preSolution
		Debug|Any CPU = Debug|Any CPU
		Release|Any CPU = Release|Any CPU
	EndGlobalSection
	GlobalSection(ProjectConfigurationPlatforms) = postSolution
		{F6D93B65-BD73-4F2A-9F84-BA6EBFBB2DD5}.Debug|Any CPU.ActiveCfg = Debug|Any CPU
		{F6D93B65-BD73-4F2A-9F84-BA6EBFBB2DD5}.Debug|Any CPU.Build.0 = Debug|Any CPU
		{F6D93B65-BD73-4F2A-9F84-BA6EBFBB2DD5}.Release|Any CPU.ActiveCfg = Release|Any CPU
		{F6D93B65-BD73-4F2A-9F84-BA6EBFBB2DD5}.Release|Any CPU.Build.0 = Release|Any CPU
	EndGlobalSection
	GlobalSection(SolutionProperties) = preSolution
		HideSolutionNode = FALSE
	EndGlobalSection
	GlobalSection(ExtensibilityGlobals) = postSolution
		SolutionGuid = {F9CC2F08-20A1-4D7D-BE71-417282E76F6F}
	EndGlobalSection
EndGlobal
